
Microsoft Visual Studio Solution File, Format Version 12.00
# Visual Studio 14
VisualStudioVersion = 14.0.25420.1
MinimumVisualStudioVersion = 10.0.40219.1
Project("{FAE04EC0-301F-11D3-BF4B-00C04F79EFBC}") = "List1", "List1\List1.csproj", "{4382A994-585A-4BE5-BB09-4BBE1E0F7500}"
EndProject
Project("{FAE04EC0-301F-11D3-BF4B-00C04F79EFBC}") = "List2", "List2\List2.csproj", "{96C2AF74-BF04-41E5-A610-092F9312F012}"
EndProject
Project("{FAE04EC0-301F-11D3-BF4B-00C04F79EFBC}") = "List3", "List3\List3.csproj", "{7F261C77-32D1-4769-80CD-08AD135170BE}"
EndProject
Global
	GlobalSection(SolutionConfigurationPlatforms) = preSolution
		Debug|Any CPU = Debug|Any CPU
		Release|Any CPU = Release|Any CPU
	EndGlobalSection
	GlobalSection(ProjectConfigurationPlatforms) = postSolution
		{4382A994-585A-4BE5-BB09-4BBE1E0F7500}.Debug|Any CPU.ActiveCfg = Debug|Any CPU
		{4382A994-585A-4BE5-BB09-4BBE1E0F7500}.Debug|Any CPU.Build.0 = Debug|Any CPU
		{4382A994-585A-4BE5-BB09-4BBE1E0F7500}.Release|Any CPU.ActiveCfg = Release|Any CPU
		{4382A994-585A-4BE5-BB09-4BBE1E0F7500}.Release|Any CPU.Build.0 = Release|Any CPU
		{96C2AF74-BF04-41E5-A610-092F9312F012}.Debug|Any CPU.ActiveCfg = Debug|Any CPU
		{96C2AF74-BF04-41E5-A610-092F9312F012}.Debug|Any CPU.Build.0 = Debug|Any CPU
		{96C2AF74-BF04-41E5-A610-092F9312F012}.Release|Any CPU.ActiveCfg = Release|Any CPU
		{96C2AF74-BF04-41E5-A610-092F9312F012}.Release|Any CPU.Build.0 = Release|Any CPU
		{7F261C77-32D1-4769-80CD-08AD135170BE}.Debug|Any CPU.ActiveCfg = Debug|Any CPU
		{7F261C77-32D1-4769-80CD-08AD135170BE}.Debug|Any CPU.Build.0 = Debug|Any CPU
		{7F261C77-32D1-4769-80CD-08AD135170BE}.Release|Any CPU.ActiveCfg = Release|Any CPU
		{7F261C77-32D1-4769-80CD-08AD135170BE}.Release|Any CPU.Build.0 = Release|Any CPU
	EndGlobalSection
	GlobalSection(SolutionProperties) = preSolution
		HideSolutionNode = FALSE
	EndGlobalSection
EndGlobal
